
Microsoft Visual Studio Solution File, Format Version 11.00
# Visual Studio 2010
Project("{FAE04EC0-301F-11D3-BF4B-00C04F79EFBC}") = "Yalla", "Yalla\Yalla.csproj", "{793099D6-ED66-45AE-8CD2-8387CBB2CF59}"
EndProject
Project("{FAE04EC0-301F-11D3-BF4B-00C04F79EFBC}") = "YallaRepl", "YallaRepl\YallaRepl.csproj", "{AD158454-ECB0-474A-9610-0E90D725555A}"
EndProject
Project("{FAE04EC0-301F-11D3-BF4B-00C04F79EFBC}") = "Tests", "Tests\Tests.csproj", "{B7174DBA-1627-4A5A-9E3A-1E57639B6F22}"
EndProject
Project("{FAE04EC0-301F-11D3-BF4B-00C04F79EFBC}") = "YallaMonoRepl", "YallaMonoRepl\YallaMonoRepl.csproj", "{387B817B-2AE3-4C72-9F9E-EA6A52EB60F5}"
EndProject
Project("{FAE04EC0-301F-11D3-BF4B-00C04F79EFBC}") = "SwankServer", "SwankServer\SwankServer.csproj", "{0B6340A9-9831-4792-916F-A59BA41EA92D}"
EndProject
Global
	GlobalSection(SolutionConfigurationPlatforms) = preSolution
		Debug|x86 = Debug|x86
		Release|x86 = Release|x86
	EndGlobalSection
	GlobalSection(ProjectConfigurationPlatforms) = postSolution
		{0B6340A9-9831-4792-916F-A59BA41EA92D}.Debug|x86.ActiveCfg = Debug|x86
		{0B6340A9-9831-4792-916F-A59BA41EA92D}.Debug|x86.Build.0 = Debug|x86
		{0B6340A9-9831-4792-916F-A59BA41EA92D}.Release|x86.ActiveCfg = Release|x86
		{0B6340A9-9831-4792-916F-A59BA41EA92D}.Release|x86.Build.0 = Release|x86
		{387B817B-2AE3-4C72-9F9E-EA6A52EB60F5}.Debug|x86.ActiveCfg = Debug|x86
		{387B817B-2AE3-4C72-9F9E-EA6A52EB60F5}.Debug|x86.Build.0 = Debug|x86
		{387B817B-2AE3-4C72-9F9E-EA6A52EB60F5}.Release|x86.ActiveCfg = Release|x86
		{387B817B-2AE3-4C72-9F9E-EA6A52EB60F5}.Release|x86.Build.0 = Release|x86
		{793099D6-ED66-45AE-8CD2-8387CBB2CF59}.Debug|x86.ActiveCfg = Debug|x86
		{793099D6-ED66-45AE-8CD2-8387CBB2CF59}.Debug|x86.Build.0 = Debug|x86
		{793099D6-ED66-45AE-8CD2-8387CBB2CF59}.Release|x86.ActiveCfg = Release|x86
		{793099D6-ED66-45AE-8CD2-8387CBB2CF59}.Release|x86.Build.0 = Release|x86
		{AD158454-ECB0-474A-9610-0E90D725555A}.Debug|x86.ActiveCfg = Debug|x86
		{AD158454-ECB0-474A-9610-0E90D725555A}.Debug|x86.Build.0 = Debug|x86
		{AD158454-ECB0-474A-9610-0E90D725555A}.Release|x86.ActiveCfg = Release|x86
		{AD158454-ECB0-474A-9610-0E90D725555A}.Release|x86.Build.0 = Release|x86
		{B7174DBA-1627-4A5A-9E3A-1E57639B6F22}.Debug|x86.ActiveCfg = Debug|x86
		{B7174DBA-1627-4A5A-9E3A-1E57639B6F22}.Debug|x86.Build.0 = Debug|x86
		{B7174DBA-1627-4A5A-9E3A-1E57639B6F22}.Release|x86.ActiveCfg = Release|x86
		{B7174DBA-1627-4A5A-9E3A-1E57639B6F22}.Release|x86.Build.0 = Release|x86
	EndGlobalSection
	GlobalSection(MonoDevelopProperties) = preSolution
		StartupItem = SwankServer\SwankServer.csproj
		Policies = $0
		$0.TextStylePolicy = $1
		$1.FileWidth = 120
		$1.NoTabsAfterNonTabs = True
		$1.RemoveTrailingWhitespace = True
		$1.inheritsSet = VisualStudio
		$1.inheritsScope = text/plain
		$1.scope = text/x-csharp
		$0.CSharpFormattingPolicy = $2
		$2.inheritsSet = Mono
		$2.inheritsScope = text/x-csharp
		$2.scope = text/x-csharp
		$0.TextStylePolicy = $3
		$3.FileWidth = 120
		$3.NoTabsAfterNonTabs = True
		$3.RemoveTrailingWhitespace = True
		$3.inheritsSet = VisualStudio
		$3.inheritsScope = text/plain
		$3.scope = text/plain
		$0.StandardHeader = $4
		$4.Text = 
		$4.inheritsSet = Apache2License
	EndGlobalSection
	GlobalSection(SolutionProperties) = preSolution
		HideSolutionNode = FALSE
	EndGlobalSection
EndGlobal
